// !$*UTF8*$!
{
	archiveVersion = 1;
	classes = {
	};
	objectVersion = 46;
	objects = {

/* Begin PBXBuildFile section */
		6C29836F18B52A48001DDD71 /* EndScene.m in Sources */ = {isa = PBXBuildFile; fileRef = 6C29836E18B52A48001DDD71 /* EndScene.m */; };
		6C433ACE18B019E20038E784 /* Foundation.framework in Frameworks */ = {isa = PBXBuildFile; fileRef = 6C433ACD18B019E20038E784 /* Foundation.framework */; };
		6C433AD018B019E20038E784 /* CoreGraphics.framework in Frameworks */ = {isa = PBXBuildFile; fileRef = 6C433ACF18B019E20038E784 /* CoreGraphics.framework */; };
		6C433AD218B019E20038E784 /* UIKit.framework in Frameworks */ = {isa = PBXBuildFile; fileRef = 6C433AD118B019E20038E784 /* UIKit.framework */; };
		6C433AD418B019E20038E784 /* SpriteKit.framework in Frameworks */ = {isa = PBXBuildFile; fileRef = 6C433AD318B019E20038E784 /* SpriteKit.framework */; };
		6C433ADA18B019E20038E784 /* InfoPlist.strings in Resources */ = {isa = PBXBuildFile; fileRef = 6C433AD818B019E20038E784 /* InfoPlist.strings */; };
		6C433ADC18B019E20038E784 /* main.m in Sources */ = {isa = PBXBuildFile; fileRef = 6C433ADB18B019E20038E784 /* main.m */; };
		6C433AE018B019E20038E784 /* AppDelegate.m in Sources */ = {isa = PBXBuildFile; fileRef = 6C433ADF18B019E20038E784 /* AppDelegate.m */; };
		6C433AE318B019E20038E784 /* Main.storyboard in Resources */ = {isa = PBXBuildFile; fileRef = 6C433AE118B019E20038E784 /* Main.storyboard */; };
		6C433AE618B019E20038E784 /* ViewController.m in Sources */ = {isa = PBXBuildFile; fileRef = 6C433AE518B019E20038E784 /* ViewController.m */; };
		6C433AE918B019E20038E784 /* MyScene.m in Sources */ = {isa = PBXBuildFile; fileRef = 6C433AE818B019E20038E784 /* MyScene.m */; };
		6C433AEB18B019E20038E784 /* Spaceship.png in Resources */ = {isa = PBXBuildFile; fileRef = 6C433AEA18B019E20038E784 /* Spaceship.png */; };
		6C433AED18B019E20038E784 /* Images.xcassets in Resources */ = {isa = PBXBuildFile; fileRef = 6C433AEC18B019E20038E784 /* Images.xcassets */; };
		6C433AF418B019E20038E784 /* XCTest.framework in Frameworks */ = {isa = PBXBuildFile; fileRef = 6C433AF318B019E20038E784 /* XCTest.framework */; };
		6C433AF518B019E20038E784 /* Foundation.framework in Frameworks */ = {isa = PBXBuildFile; fileRef = 6C433ACD18B019E20038E784 /* Foundation.framework */; };
		6C433AF618B019E20038E784 /* UIKit.framework in Frameworks */ = {isa = PBXBuildFile; fileRef = 6C433AD118B019E20038E784 /* UIKit.framework */; };
		6C433AFE18B019E20038E784 /* InfoPlist.strings in Resources */ = {isa = PBXBuildFile; fileRef = 6C433AFC18B019E20038E784 /* InfoPlist.strings */; };
		6C433B0018B019E20038E784 /* BreakingBricksTests.m in Sources */ = {isa = PBXBuildFile; fileRef = 6C433AFF18B019E20038E784 /* BreakingBricksTests.m */; };
		6C797B2B18B451F300DD2301 /* blip.caf in Resources */ = {isa = PBXBuildFile; fileRef = 6C797B2818B451F300DD2301 /* blip.caf */; };
		6C797B2C18B451F300DD2301 /* brickhit.caf in Resources */ = {isa = PBXBuildFile; fileRef = 6C797B2918B451F300DD2301 /* brickhit.caf */; };
		6C797B2D18B451F300DD2301 /* gameover.caf in Resources */ = {isa = PBXBuildFile; fileRef = 6C797B2A18B451F300DD2301 /* gameover.caf */; };
		6CC2EE9E18B7313700D26F75 /* bricks.atlas in Resources */ = {isa = PBXBuildFile; fileRef = 6CC2EE9D18B7313700D26F75 /* bricks.atlas */; };
/* End PBXBuildFile section */

/* Begin PBXContainerItemProxy section */
		6C433AF718B019E20038E784 /* PBXContainerItemProxy */ = {
			isa = PBXContainerItemProxy;
			containerPortal = 6C433AC218B019E20038E784 /* Project object */;
			proxyType = 1;
			remoteGlobalIDString = 6C433AC918B019E20038E784;
			remoteInfo = BreakingBricks;
		};
/* End PBXContainerItemProxy section */

/* Begin PBXFileReference section */
		6C29836D18B52A48001DDD71 /* EndScene.h */ = {isa = PBXFileReference; fileEncoding = 4; lastKnownFileType = sourcecode.c.h; path = EndScene.h; sourceTree = "<group>"; };
		6C29836E18B52A48001DDD71 /* EndScene.m */ = {isa = PBXFileReference; fileEncoding = 4; lastKnownFileType = sourcecode.c.objc; path = EndScene.m; sourceTree = "<group>"; };
		6C433ACA18B019E20038E784 /* BreakingBricks.app */ = {isa = PBXFileReference; explicitFileType = wrapper.application; includeInIndex = 0; path = BreakingBricks.app; sourceTree = BUILT_PRODUCTS_DIR; };
		6C433ACD18B019E20038E784 /* Foundation.framework */ = {isa = PBXFileReference; lastKnownFileType = wrapper.framework; name = Foundation.framework; path = System/Library/Frameworks/Foundation.framework; sourceTree = SDKROOT; };
		6C433ACF18B019E20038E784 /* CoreGraphics.framework */ = {isa = PBXFileReference; lastKnownFileType = wrapper.framework; name = CoreGraphics.framework; path = System/Library/Frameworks/CoreGraphics.framework; sourceTree = SDKROOT; };
		6C433AD118B019E20038E784 /* UIKit.framework */ = {isa = PBXFileReference; lastKnownFileType = wrapper.framework; name = UIKit.framework; path = System/Library/Frameworks/UIKit.framework; sourceTree = SDKROOT; };
		6C433AD318B019E20038E784 /* SpriteKit.framework */ = {isa = PBXFileReference; lastKnownFileType = wrapper.framework; name = SpriteKit.framework; path = System/Library/Frameworks/SpriteKit.framework; sourceTree = SDKROOT; };
		6C433AD718B019E20038E784 /* BreakingBricks-Info.plist */ = {isa = PBXFileReference; lastKnownFileType = text.plist.xml; path = "BreakingBricks-Info.plist"; sourceTree = "<group>"; };
		6C433AD918B019E20038E784 /* en */ = {isa = PBXFileReference; lastKnownFileType = text.plist.strings; name = en; path = en.lproj/InfoPlist.strings; sourceTree = "<group>"; };
		6C433ADB18B019E20038E784 /* main.m */ = {isa = PBXFileReference; lastKnownFileType = sourcecode.c.objc; path = main.m; sourceTree = "<group>"; };
		6C433ADD18B019E20038E784 /* BreakingBricks-Prefix.pch */ = {isa = PBXFileReference; lastKnownFileType = sourcecode.c.h; path = "BreakingBricks-Prefix.pch"; sourceTree = "<group>"; };
		6C433ADE18B019E20038E784 /* AppDelegate.h */ = {isa = PBXFileReference; lastKnownFileType = sourcecode.c.h; path = AppDelegate.h; sourceTree = "<group>"; };
		6C433ADF18B019E20038E784 /* AppDelegate.m */ = {isa = PBXFileReference; lastKnownFileType = sourcecode.c.objc; path = AppDelegate.m; sourceTree = "<group>"; };
		6C433AE218B019E20038E784 /* Base */ = {isa = PBXFileReference; lastKnownFileType = file.storyboard; name = Base; path = Base.lproj/Main.storyboard; sourceTree = "<group>"; };
		6C433AE418B019E20038E784 /* ViewController.h */ = {isa = PBXFileReference; lastKnownFileType = sourcecode.c.h; path = ViewController.h; sourceTree = "<group>"; };
		6C433AE518B019E20038E784 /* ViewController.m */ = {isa = PBXFileReference; lastKnownFileType = sourcecode.c.objc; path = ViewController.m; sourceTree = "<group>"; };
		6C433AE718B019E20038E784 /* MyScene.h */ = {isa = PBXFileReference; lastKnownFileType = sourcecode.c.h; path = MyScene.h; sourceTree = "<group>"; };
		6C433AE818B019E20038E784 /* MyScene.m */ = {isa = PBXFileReference; lastKnownFileType = sourcecode.c.objc; path = MyScene.m; sourceTree = "<group>"; };
		6C433AEA18B019E20038E784 /* Spaceship.png */ = {isa = PBXFileReference; lastKnownFileType = image.png; path = Spaceship.png; sourceTree = "<group>"; };
		6C433AEC18B019E20038E784 /* Images.xcassets */ = {isa = PBXFileReference; lastKnownFileType = folder.assetcatalog; path = Images.xcassets; sourceTree = "<group>"; };
		6C433AF218B019E20038E784 /* BreakingBricksTests.xctest */ = {isa = PBXFileReference; explicitFileType = wrapper.cfbundle; includeInIndex = 0; path = BreakingBricksTests.xctest; sourceTree = BUILT_PRODUCTS_DIR; };
		6C433AF318B019E20038E784 /* XCTest.framework */ = {isa = PBXFileReference; lastKnownFileType = wrapper.framework; name = XCTest.framework; path = Library/Frameworks/XCTest.framework; sourceTree = DEVELOPER_DIR; };
		6C433AFB18B019E20038E784 /* BreakingBricksTests-Info.plist */ = {isa = PBXFileReference; lastKnownFileType = text.plist.xml; path = "BreakingBricksTests-Info.plist"; sourceTree = "<group>"; };
		6C433AFD18B019E20038E784 /* en */ = {isa = PBXFileReference; lastKnownFileType = text.plist.strings; name = en; path = en.lproj/InfoPlist.strings; sourceTree = "<group>"; };
		6C433AFF18B019E20038E784 /* BreakingBricksTests.m */ = {isa = PBXFileReference; lastKnownFileType = sourcecode.c.objc; path = BreakingBricksTests.m; sourceTree = "<group>"; };
		6C797B2818B451F300DD2301 /* blip.caf */ = {isa = PBXFileReference; lastKnownFileType = file; path = blip.caf; sourceTree = "<group>"; };
		6C797B2918B451F300DD2301 /* brickhit.caf */ = {isa = PBXFileReference; lastKnownFileType = file; path = brickhit.caf; sourceTree = "<group>"; };
		6C797B2A18B451F300DD2301 /* gameover.caf */ = {isa = PBXFileReference; lastKnownFileType = file; path = gameover.caf; sourceTree = "<group>"; };
		6CC2EE9D18B7313700D26F75 /* bricks.atlas */ = {isa = PBXFileReference; lastKnownFileType = folder.skatlas; path = bricks.atlas; sourceTree = "<group>"; };
/* End PBXFileReference section */

/* Begin PBXFrameworksBuildPhase section */
		6C433AC718B019E20038E784 /* Frameworks */ = {
			isa = PBXFrameworksBuildPhase;
			buildActionMask = 2147483647;
			files = (
				6C433AD018B019E20038E784 /* CoreGraphics.framework in Frameworks */,
				6C433AD218B019E20038E784 /* UIKit.framework in Frameworks */,
				6C433AD418B019E20038E784 /* SpriteKit.framework in Frameworks */,
				6C433ACE18B019E20038E784 /* Foundation.framework in Frameworks */,
			);
			runOnlyForDeploymentPostprocessing = 0;
		};
		6C433AEF18B019E20038E784 /* Frameworks */ = {
			isa = PBXFrameworksBuildPhase;
			buildActionMask = 2147483647;
			files = (
				6C433AF418B019E20038E784 /* XCTest.framework in Frameworks */,
				6C433AF618B019E20038E784 /* UIKit.framework in Frameworks */,
				6C433AF518B019E20038E784 /* Foundation.framework in Frameworks */,
			);
			runOnlyForDeploymentPostprocessing = 0;
		};
/* End PBXFrameworksBuildPhase section */

/* Begin PBXGroup section */
		6C433AC118B019E20038E784 = {
			isa = PBXGroup;
			children = (
				6C433AD518B019E20038E784 /* BreakingBricks */,
				6C433AF918B019E20038E784 /* BreakingBricksTests */,
				6C433ACC18B019E20038E784 /* Frameworks */,
				6C433ACB18B019E20038E784 /* Products */,
			);
			sourceTree = "<group>";
		};
		6C433ACB18B019E20038E784 /* Products */ = {
			isa = PBXGroup;
			children = (
				6C433ACA18B019E20038E784 /* BreakingBricks.app */,
				6C433AF218B019E20038E784 /* BreakingBricksTests.xctest */,
			);
			name = Products;
			sourceTree = "<group>";
		};
		6C433ACC18B019E20038E784 /* Frameworks */ = {
			isa = PBXGroup;
			children = (
				6C433ACD18B019E20038E784 /* Foundation.framework */,
				6C433ACF18B019E20038E784 /* CoreGraphics.framework */,
				6C433AD118B019E20038E784 /* UIKit.framework */,
				6C433AD318B019E20038E784 /* SpriteKit.framework */,
				6C433AF318B019E20038E784 /* XCTest.framework */,
			);
			name = Frameworks;
			sourceTree = "<group>";
		};
		6C433AD518B019E20038E784 /* BreakingBricks */ = {
			isa = PBXGroup;
			children = (
				6C797B2818B451F300DD2301 /* blip.caf */,
				6CC2EE9D18B7313700D26F75 /* bricks.atlas */,
				6C797B2918B451F300DD2301 /* brickhit.caf */,
				6C797B2A18B451F300DD2301 /* gameover.caf */,
				6C433ADE18B019E20038E784 /* AppDelegate.h */,
				6C433ADF18B019E20038E784 /* AppDelegate.m */,
				6C433AE118B019E20038E784 /* Main.storyboard */,
				6C433AE418B019E20038E784 /* ViewController.h */,
				6C433AE518B019E20038E784 /* ViewController.m */,
				6C433AE718B019E20038E784 /* MyScene.h */,
				6C433AE818B019E20038E784 /* MyScene.m */,
				6C29836D18B52A48001DDD71 /* EndScene.h */,
				6C29836E18B52A48001DDD71 /* EndScene.m */,
				6C433AEA18B019E20038E784 /* Spaceship.png */,
				6C433AEC18B019E20038E784 /* Images.xcassets */,
				6C433AD618B019E20038E784 /* Supporting Files */,
			);
			path = BreakingBricks;
			sourceTree = "<group>";
		};
		6C433AD618B019E20038E784 /* Supporting Files */ = {
			isa = PBXGroup;
			children = (
				6C433AD718B019E20038E784 /* BreakingBricks-Info.plist */,
				6C433AD818B019E20038E784 /* InfoPlist.strings */,
				6C433ADB18B019E20038E784 /* main.m */,
				6C433ADD18B019E20038E784 /* BreakingBricks-Prefix.pch */,
			);
			name = "Supporting Files";
			sourceTree = "<group>";
		};
		6C433AF918B019E20038E784 /* BreakingBricksTests */ = {
			isa = PBXGroup;
			children = (
				6C433AFF18B019E20038E784 /* BreakingBricksTests.m */,
				6C433AFA18B019E20038E784 /* Supporting Files */,
			);
			path = BreakingBricksTests;
			sourceTree = "<group>";
		};
		6C433AFA18B019E20038E784 /* Supporting Files */ = {
			isa = PBXGroup;
			children = (
				6C433AFB18B019E20038E784 /* BreakingBricksTests-Info.plist */,
				6C433AFC18B019E20038E784 /* InfoPlist.strings */,
			);
			name = "Supporting Files";
			sourceTree = "<group>";
		};
/* End PBXGroup section */

/* Begin PBXNativeTarget section */
		6C433AC918B019E20038E784 /* BreakingBricks */ = {
			isa = PBXNativeTarget;
			buildConfigurationList = 6C433B0318B019E20038E784 /* Build configuration list for PBXNativeTarget "BreakingBricks" */;
			buildPhases = (
				6C433AC618B019E20038E784 /* Sources */,
				6C433AC718B019E20038E784 /* Frameworks */,
				6C433AC818B019E20038E784 /* Resources */,
			);
			buildRules = (
			);
			dependencies = (
			);
			name = BreakingBricks;
			productName = BreakingBricks;
			productReference = 6C433ACA18B019E20038E784 /* BreakingBricks.app */;
			productType = "com.apple.product-type.application";
		};
		6C433AF118B019E20038E784 /* BreakingBricksTests */ = {
			isa = PBXNativeTarget;
			buildConfigurationList = 6C433B0618B019E20038E784 /* Build configuration list for PBXNativeTarget "BreakingBricksTests" */;
			buildPhases = (
				6C433AEE18B019E20038E784 /* Sources */,
				6C433AEF18B019E20038E784 /* Frameworks */,
				6C433AF018B019E20038E784 /* Resources */,
			);
			buildRules = (
			);
			dependencies = (
				6C433AF818B019E20038E784 /* PBXTargetDependency */,
			);
			name = BreakingBricksTests;
			productName = BreakingBricksTests;
			productReference = 6C433AF218B019E20038E784 /* BreakingBricksTests.xctest */;
			productType = "com.apple.product-type.bundle.unit-test";
		};
/* End PBXNativeTarget section */

/* Begin PBXProject section */
		6C433AC218B019E20038E784 /* Project object */ = {
			isa = PBXProject;
			attributes = {
				LastUpgradeCheck = 0500;
				ORGANIZATIONNAME = "Simon Allardice";
				TargetAttributes = {
					6C433AF118B019E20038E784 = {
						TestTargetID = 6C433AC918B019E20038E784;
					};
				};
			};
			buildConfigurationList = 6C433AC518B019E20038E784 /* Build configuration list for PBXProject "BreakingBricks" */;
			compatibilityVersion = "Xcode 3.2";
			developmentRegion = English;
			hasScannedForEncodings = 0;
			knownRegions = (
				en,
				Base,
			);
			mainGroup = 6C433AC118B019E20038E784;
			productRefGroup = 6C433ACB18B019E20038E784 /* Products */;
			projectDirPath = "";
			projectRoot = "";
			targets = (
				6C433AC918B019E20038E784 /* BreakingBricks */,
				6C433AF118B019E20038E784 /* BreakingBricksTests */,
			);
		};
/* End PBXProject section */

/* Begin PBXResourcesBuildPhase section */
		6C433AC818B019E20038E784 /* Resources */ = {
			isa = PBXResourcesBuildPhase;
			buildActionMask = 2147483647;
			files = (
				6C433ADA18B019E20038E784 /* InfoPlist.strings in Resources */,
				6C797B2B18B451F300DD2301 /* blip.caf in Resources */,
				6C797B2D18B451F300DD2301 /* gameover.caf in Resources */,
				6C797B2C18B451F300DD2301 /* brickhit.caf in Resources */,
				6C433AED18B019E20038E784 /* Images.xcassets in Resources */,
				6CC2EE9E18B7313700D26F75 /* bricks.atlas in Resources */,
				6C433AEB18B019E20038E784 /* Spaceship.png in Resources */,
				6C433AE318B019E20038E784 /* Main.storyboard in Resources */,
			);
			runOnlyForDeploymentPostprocessing = 0;
		};
		6C433AF018B019E20038E784 /* Resources */ = {
			isa = PBXResourcesBuildPhase;
			buildActionMask = 2147483647;
			files = (
				6C433AFE18B019E20038E784 /* InfoPlist.strings in Resources */,
			);
			runOnlyForDeploymentPostprocessing = 0;
		};
/* End PBXResourcesBuildPhase section */

/* Begin PBXSourcesBuildPhase section */
		6C433AC618B019E20038E784 /* Sources */ = {
			isa = PBXSourcesBuildPhase;
			buildActionMask = 2147483647;
			files = (
				6C433AE918B019E20038E784 /* MyScene.m in Sources */,
				6C433AE618B019E20038E784 /* ViewController.m in Sources */,
				6C433AE018B019E20038E784 /* AppDelegate.m in Sources */,
				6C433ADC18B019E20038E784 /* main.m in Sources */,
				6C29836F18B52A48001DDD71 /* EndScene.m in Sources */,
			);
			runOnlyForDeploymentPostprocessing = 0;
		};
		6C433AEE18B019E20038E784 /* Sources */ = {
			isa = PBXSourcesBuildPhase;
			buildActionMask = 2147483647;
			files = (
				6C433B0018B019E20038E784 /* BreakingBricksTests.m in Sources */,
			);
			runOnlyForDeploymentPostprocessing = 0;
		};
/* End PBXSourcesBuildPhase section */

/* Begin PBXTargetDependency section */
		6C433AF818B019E20038E784 /* PBXTargetDependency */ = {
			isa = PBXTargetDependency;
			target = 6C433AC918B019E20038E784 /* BreakingBricks */;
			targetProxy = 6C433AF718B019E20038E784 /* PBXContainerItemProxy */;
		};
/* End PBXTargetDependency section */

/* Begin PBXVariantGroup section */
		6C433AD818B019E20038E784 /* InfoPlist.strings */ = {
			isa = PBXVariantGroup;
			children = (
				6C433AD918B019E20038E784 /* en */,
			);
			name = InfoPlist.strings;
			sourceTree = "<group>";
		};
		6C433AE118B019E20038E784 /* Main.storyboard */ = {
			isa = PBXVariantGroup;
			children = (
				6C433AE218B019E20038E784 /* Base */,
			);
			name = Main.storyboard;
			sourceTree = "<group>";
		};
		6C433AFC18B019E20038E784 /* InfoPlist.strings */ = {
			isa = PBXVariantGroup;
			children = (
				6C433AFD18B019E20038E784 /* en */,
			);
			name = InfoPlist.strings;
			sourceTree = "<group>";
		};
/* End PBXVariantGroup section */

/* Begin XCBuildConfiguration section */
		6C433B0118B019E20038E784 /* Debug */ = {
			isa = XCBuildConfiguration;
			buildSettings = {
				ALWAYS_SEARCH_USER_PATHS = NO;
				ARCHS = "$(ARCHS_STANDARD_INCLUDING_64_BIT)";
				CLANG_CXX_LANGUAGE_STANDARD = "gnu++0x";
				CLANG_CXX_LIBRARY = "libc++";
				CLANG_ENABLE_MODULES = YES;
				CLANG_ENABLE_OBJC_ARC = YES;
				CLANG_WARN_BOOL_CONVERSION = YES;
				CLANG_WARN_CONSTANT_CONVERSION = YES;
				CLANG_WARN_DIRECT_OBJC_ISA_USAGE = YES_ERROR;
				CLANG_WARN_EMPTY_BODY = YES;
				CLANG_WARN_ENUM_CONVERSION = YES;
				CLANG_WARN_INT_CONVERSION = YES;
				CLANG_WARN_OBJC_ROOT_CLASS = YES_ERROR;
				CLANG_WARN__DUPLICATE_METHOD_MATCH = YES;
				"CODE_SIGN_IDENTITY[sdk=iphoneos*]" = "iPhone Developer";
				COPY_PHASE_STRIP = NO;
				GCC_C_LANGUAGE_STANDARD = gnu99;
				GCC_DYNAMIC_NO_PIC = NO;
				GCC_OPTIMIZATION_LEVEL = 0;
				GCC_PREPROCESSOR_DEFINITIONS = (
					"DEBUG=1",
					"$(inherited)",
				);
				GCC_SYMBOLS_PRIVATE_EXTERN = NO;
				GCC_WARN_64_TO_32_BIT_CONVERSION = YES;
				GCC_WARN_ABOUT_RETURN_TYPE = YES_ERROR;
				GCC_WARN_UNDECLARED_SELECTOR = YES;
				GCC_WARN_UNINITIALIZED_AUTOS = YES;
				GCC_WARN_UNUSED_FUNCTION = YES;
				GCC_WARN_UNUSED_VARIABLE = YES;
				IPHONEOS_DEPLOYMENT_TARGET = 7.0;
				ONLY_ACTIVE_ARCH = YES;
				SDKROOT = iphoneos;
			};
			name = Debug;
		};
		6C433B0218B019E20038E784 /* Release */ = {
			isa = XCBuildConfiguration;
			buildSettings = {
				ALWAYS_SEARCH_USER_PATHS = NO;
				ARCHS = "$(ARCHS_STANDARD_INCLUDING_64_BIT)";
				CLANG_CXX_LANGUAGE_STANDARD = "gnu++0x";
				CLANG_CXX_LIBRARY = "libc++";
				CLANG_ENABLE_MODULES = YES;
				CLANG_ENABLE_OBJC_ARC = YES;
				CLANG_WARN_BOOL_CONVERSION = YES;
				CLANG_WARN_CONSTANT_CONVERSION = YES;
				CLANG_WARN_DIRECT_OBJC_ISA_USAGE = YES_ERROR;
				CLANG_WARN_EMPTY_BODY = YES;
				CLANG_WARN_ENUM_CONVERSION = YES;
				CLANG_WARN_INT_CONVERSION = YES;
				CLANG_WARN_OBJC_ROOT_CLASS = YES_ERROR;
				CLANG_WARN__DUPLICATE_METHOD_MATCH = YES;
				"CODE_SIGN_IDENTITY[sdk=iphoneos*]" = "iPhone Developer";
				COPY_PHASE_STRIP = YES;
				ENABLE_NS_ASSERTIONS = NO;
				GCC_C_LANGUAGE_STANDARD = gnu99;
				GCC_WARN_64_TO_32_BIT_CONVERSION = YES;
				GCC_WARN_ABOUT_RETURN_TYPE = YES_ERROR;
				GCC_WARN_UNDECLARED_SELECTOR = YES;
				GCC_WARN_UNINITIALIZED_AUTOS = YES;
				GCC_WARN_UNUSED_FUNCTION = YES;
				GCC_WARN_UNUSED_VARIABLE = YES;
				IPHONEOS_DEPLOYMENT_TARGET = 7.0;
				SDKROOT = iphoneos;
				VALIDATE_PRODUCT = YES;
			};
			name = Release;
		};
		6C433B0418B019E20038E784 /* Debug */ = {
			isa = XCBuildConfiguration;
			buildSettings = {
				ASSETCATALOG_COMPILER_APPICON_NAME = AppIcon;
				ASSETCATALOG_COMPILER_LAUNCHIMAGE_NAME = LaunchImage;
				GCC_PRECOMPILE_PREFIX_HEADER = YES;
				GCC_PREFIX_HEADER = "BreakingBricks/BreakingBricks-Prefix.pch";
				INFOPLIST_FILE = "BreakingBricks/BreakingBricks-Info.plist";
				PRODUCT_NAME = "$(TARGET_NAME)";
				SPRITEKIT_TEXTURE_ATLAS_OUTPUT = YES;
				WRAPPER_EXTENSION = app;
			};
			name = Debug;
		};
		6C433B0518B019E20038E784 /* Release */ = {
			isa = XCBuildConfiguration;
			buildSettings = {
				ASSETCATALOG_COMPILER_APPICON_NAME = AppIcon;
				ASSETCATALOG_COMPILER_LAUNCHIMAGE_NAME = LaunchImage;
				GCC_PRECOMPILE_PREFIX_HEADER = YES;
				GCC_PREFIX_HEADER = "BreakingBricks/BreakingBricks-Prefix.pch";
				INFOPLIST_FILE = "BreakingBricks/BreakingBricks-Info.plist";
				PRODUCT_NAME = "$(TARGET_NAME)";
				SPRITEKIT_TEXTURE_ATLAS_OUTPUT = YES;
				WRAPPER_EXTENSION = app;
			};
			name = Release;
		};
		6C433B0718B019E20038E784 /* Debug */ = {
			isa = XCBuildConfiguration;
			buildSettings = {
				ARCHS = "$(ARCHS_STANDARD_INCLUDING_64_BIT)";
				BUNDLE_LOADER = "$(BUILT_PRODUCTS_DIR)/BreakingBricks.app/BreakingBricks";
				FRAMEWORK_SEARCH_PATHS = (
					"$(SDKROOT)/Developer/Library/Frameworks",
					"$(inherited)",
					"$(DEVELOPER_FRAMEWORKS_DIR)",
				);
				GCC_PRECOMPILE_PREFIX_HEADER = YES;
				GCC_PREFIX_HEADER = "BreakingBricks/BreakingBricks-Prefix.pch";
				GCC_PREPROCESSOR_DEFINITIONS = (
					"DEBUG=1",
					"$(inherited)",
				);
				INFOPLIST_FILE = "BreakingBricksTests/BreakingBricksTests-Info.plist";
				PRODUCT_NAME = "$(TARGET_NAME)";
				TEST_HOST = "$(BUNDLE_LOADER)";
				WRAPPER_EXTENSION = xctest;
			};
			name = Debug;
		};
		6C433B0818B019E20038E784 /* Release */ = {
			isa = XCBuildConfiguration;
			buildSettings = {
				ARCHS = "$(ARCHS_STANDARD_INCLUDING_64_BIT)";
				BUNDLE_LOADER = "$(BUILT_PRODUCTS_DIR)/BreakingBricks.app/BreakingBricks";
				FRAMEWORK_SEARCH_PATHS = (
					"$(SDKROOT)/Developer/Library/Frameworks",
					"$(inherited)",
					"$(DEVELOPER_FRAMEWORKS_DIR)",
				);
				GCC_PRECOMPILE_PREFIX_HEADER = YES;
				GCC_PREFIX_HEADER = "BreakingBricks/BreakingBricks-Prefix.pch";
				INFOPLIST_FILE = "BreakingBricksTests/BreakingBricksTests-Info.plist";
				PRODUCT_NAME = "$(TARGET_NAME)";
				TEST_HOST = "$(BUNDLE_LOADER)";
				WRAPPER_EXTENSION = xctest;
			};
			name = Release;
		};
/* End XCBuildConfiguration section */

/* Begin XCConfigurationList section */
		6C433AC518B019E20038E784 /* Build configuration list for PBXProject "BreakingBricks" */ = {
			isa = XCConfigurationList;
			buildConfigurations = (
				6C433B0118B019E20038E784 /* Debug */,
				6C433B0218B019E20038E784 /* Release */,
			);
			defaultConfigurationIsVisible = 0;
			defaultConfigurationName = Release;
		};
		6C433B0318B019E20038E784 /* Build configuration list for PBXNativeTarget "BreakingBricks" */ = {
			isa = XCConfigurationList;
			buildConfigurations = (
				6C433B0418B019E20038E784 /* Debug */,
				6C433B0518B019E20038E784 /* Release */,
			);
			defaultConfigurationIsVisible = 0;
			defaultConfigurationName = Release;
		};
		6C433B0618B019E20038E784 /* Build configuration list for PBXNativeTarget "BreakingBricksTests" */ = {
			isa = XCConfigurationList;
			buildConfigurations = (
				6C433B0718B019E20038E784 /* Debug */,
				6C433B0818B019E20038E784 /* Release */,
			);
			defaultConfigurationIsVisible = 0;
			defaultConfigurationName = Release;
		};
/* End XCConfigurationList section */
	};
	rootObject = 6C433AC218B019E20038E784 /* Project object */;
}
